{
  "version": 1,
  "dependencies": {
    "net6.0": {
      "FSharp.Control.Reactive": {
        "type": "Direct",
        "requested": "[5.0.5, )",
        "resolved": "5.0.5",
        "contentHash": "bTNzMAMvA3fxWT4Swzcb5p53+ZTzI/SWwEwqyE+oat/d9OMsyXKegw19IKmw995SVWeRdV5BALmgQJrB39ojVA==",
        "dependencies": {
          "FSharp.Core": "4.7.2",
          "System.Reactive": "[5.0.0, 6.0.0)"
        }
      },
      "FSharp.Core": {
        "type": "Direct",
        "requested": "[6.0.7, )",
        "resolved": "6.0.7",
        "contentHash": "e6wGrq5smV3Yk2fBE/Y0nBG5oFyF59k5Je0a0QDydUpg6liyaafGjD3xvutciKepCP2knspZ/sWViC/F1OyyQQ=="
      },
      "FSharp.Data": {
        "type": "Direct",
        "requested": "[4.2.7, )",
        "resolved": "4.2.7",
        "contentHash": "gQO0u0q1z9wXOkSmL7TVQLspAGR/S2Vm3CDPStEHCcTQyivkgoZie0IsB2Zyl2inC+hmQa/jcVQNQjo7XB7Ujg==",
        "dependencies": {
          "FSharp.Core": "4.7.2"
        }
      },
      "FSharpPlus": {
        "type": "Direct",
        "requested": "[1.2.2, )",
        "resolved": "1.2.2",
        "contentHash": "YzWFuAua/OCevT05FoWSInP3i6DGAwRqyJd0DtFWSisPI6LAqCMTWaj5hT4BDLDabvricVZ5VD/FWfSNubL6Gg==",
        "dependencies": {
          "FSharp.Core": "4.6.2"
        }
      },
      "Websocket.Client": {
        "type": "Direct",
        "requested": "[4.4.43, )",
        "resolved": "4.4.43",
        "contentHash": "h0sS4zsnXrVkYyMYDaRc0k/oV54uXXBlN/HOHAK5d/RWleLTmWS6bxtt0l3D5Q2rgtfLinkHLdf4sOqdrxZ0NA==",
        "dependencies": {
          "System.Reactive": "4.3.2",
          "System.Threading.Channels": "4.7.0"
        }
      },
      "System.Reactive": {
        "type": "Transitive",
        "resolved": "5.0.0",
        "contentHash": "erBZjkQHWL9jpasCE/0qKAryzVBJFxGHVBAvgRN1bzM0q2s1S4oYREEEL0Vb+1kA/6BKb5FjUZMp5VXmy+gzkQ=="
      },
      "System.Threading.Channels": {
        "type": "Transitive",
        "resolved": "4.7.0",
        "contentHash": "gdOOXBhtt2UpTxYJm1DRmoqNfYg5ypvhzhVt0vxKhzxXFjS81r8yIOSFsJYLRa1Jc14GBAqCnjxJstO3zBN7gg=="
      },
      "connected": {
        "type": "Project"
      }
    }
  }
}